
Microsoft Visual Studio Solution File, Format Version 12.00
# Visual Studio Version 17
VisualStudioVersion = 17.7.34202.233
MinimumVisualStudioVersion = 10.0.40219.1
Project("{FAE04EC0-301F-11D3-BF4B-00C04F79EFBC}") = "contax-desktop", "contax-desktop\contax-desktop.csproj", "{D2049170-707A-4DBA-8616-63E55F2CEB6E}"
EndProject
Global
	GlobalSection(SolutionConfigurationPlatforms) = preSolution
		Debug|Any CPU = Debug|Any CPU
		Release|Any CPU = Release|Any CPU
	EndGlobalSection
	GlobalSection(ProjectConfigurationPlatforms) = postSolution
		{D2049170-707A-4DBA-8616-63E55F2CEB6E}.Debug|Any CPU.ActiveCfg = Debug|Any CPU
		{D2049170-707A-4DBA-8616-63E55F2CEB6E}.Debug|Any CPU.Build.0 = Debug|Any CPU
		{D2049170-707A-4DBA-8616-63E55F2CEB6E}.Release|Any CPU.ActiveCfg = Release|Any CPU
		{D2049170-707A-4DBA-8616-63E55F2CEB6E}.Release|Any CPU.Build.0 = Release|Any CPU
	EndGlobalSection
	GlobalSection(SolutionProperties) = preSolution
		HideSolutionNode = FALSE
	EndGlobalSection
	GlobalSection(ExtensibilityGlobals) = postSolution
		SolutionGuid = {7A6A8033-192B-4970-B019-5458AF203354}
	EndGlobalSection
EndGlobal
